
Microsoft Visual Studio Solution File, Format Version 12.00
# Visual Studio Version 16
VisualStudioVersion = 16.0.32929.386
MinimumVisualStudioVersion = 10.0.40219.1
Project("{FAE04EC0-301F-11D3-BF4B-00C04F79EFBC}") = "TelegramBot", "TelegramBot\TelegramBot.csproj", "{B34A3F47-C384-4D50-9731-1F04378D3A46}"
EndProject
Global
	GlobalSection(SolutionConfigurationPlatforms) = preSolution
		Debug|Any CPU = Debug|Any CPU
		Release|Any CPU = Release|Any CPU
	EndGlobalSection
	GlobalSection(ProjectConfigurationPlatforms) = postSolution
		{B34A3F47-C384-4D50-9731-1F04378D3A46}.Debug|Any CPU.ActiveCfg = Debug|Any CPU
		{B34A3F47-C384-4D50-9731-1F04378D3A46}.Debug|Any CPU.Build.0 = Debug|Any CPU
		{B34A3F47-C384-4D50-9731-1F04378D3A46}.Release|Any CPU.ActiveCfg = Release|Any CPU
		{B34A3F47-C384-4D50-9731-1F04378D3A46}.Release|Any CPU.Build.0 = Release|Any CPU
	EndGlobalSection
	GlobalSection(SolutionProperties) = preSolution
		HideSolutionNode = FALSE
	EndGlobalSection
	GlobalSection(ExtensibilityGlobals) = postSolution
		SolutionGuid = {E4C29B52-3B7D-4A9E-81F9-35C29AF7EF8A}
	EndGlobalSection
EndGlobal
